
Microsoft Visual Studio Solution File, Format Version 12.00
# Visual Studio Version 16
VisualStudioVersion = 16.0.29102.190
MinimumVisualStudioVersion = 10.0.40219.1
Project("{FAE04EC0-301F-11D3-BF4B-00C04F79EFBC}") = "Context is for Kings", "Context is for Kings.csproj", "{4CA1DAEA-942C-4075-921D-EDED33089663}"
EndProject
Project("{FAE04EC0-301F-11D3-BF4B-00C04F79EFBC}") = "PowerPointAddIn1", "..\PowerPointAddIn1\PowerPointAddIn1.csproj", "{5F0AFBE4-CBB7-44F1-806D-CD9016FBF55B}"
EndProject
Global
	GlobalSection(SolutionConfigurationPlatforms) = preSolution
		Debug|Any CPU = Debug|Any CPU
		Release|Any CPU = Release|Any CPU
	EndGlobalSection
	GlobalSection(ProjectConfigurationPlatforms) = postSolution
		{4CA1DAEA-942C-4075-921D-EDED33089663}.Debug|Any CPU.ActiveCfg = Debug|Any CPU
		{4CA1DAEA-942C-4075-921D-EDED33089663}.Debug|Any CPU.Build.0 = Debug|Any CPU
		{4CA1DAEA-942C-4075-921D-EDED33089663}.Release|Any CPU.ActiveCfg = Release|Any CPU
		{4CA1DAEA-942C-4075-921D-EDED33089663}.Release|Any CPU.Build.0 = Release|Any CPU
		{5F0AFBE4-CBB7-44F1-806D-CD9016FBF55B}.Debug|Any CPU.ActiveCfg = Debug|Any CPU
		{5F0AFBE4-CBB7-44F1-806D-CD9016FBF55B}.Debug|Any CPU.Build.0 = Debug|Any CPU
		{5F0AFBE4-CBB7-44F1-806D-CD9016FBF55B}.Release|Any CPU.ActiveCfg = Release|Any CPU
		{5F0AFBE4-CBB7-44F1-806D-CD9016FBF55B}.Release|Any CPU.Build.0 = Release|Any CPU
	EndGlobalSection
	GlobalSection(SolutionProperties) = preSolution
		HideSolutionNode = FALSE
	EndGlobalSection
	GlobalSection(ExtensibilityGlobals) = postSolution
		SolutionGuid = {CCFFC6D2-CB08-466D-A6B5-2BD37436671A}
	EndGlobalSection
EndGlobal
